// !$*UTF8*$!
{
	archiveVersion = 1;
	classes = {
	};
	objectVersion = 48;
	objects = {

/* Begin PBXBuildFile section */
		EF4E1A9F2015BDCF0097862E /* menuCell.m in Sources */ = {isa = PBXBuildFile; fileRef = EF4E1A872015BDCF0097862E /* menuCell.m */; };
		EF4E1AA02015BDCF0097862E /* SideBarViewController.m in Sources */ = {isa = PBXBuildFile; fileRef = EF4E1A892015BDCF0097862E /* SideBarViewController.m */; };
		EF4E1AA12015BDCF0097862E /* ALL_Lingeries.png in Resources */ = {isa = PBXBuildFile; fileRef = EF4E1A8B2015BDCF0097862E /* ALL_Lingeries.png */; };
		EF4E1AA22015BDCF0097862E /* ALL_Lingeries_Big.png in Resources */ = {isa = PBXBuildFile; fileRef = EF4E1A8C2015BDCF0097862E /* ALL_Lingeries_Big.png */; };
		EF4E1AA32015BDCF0097862E /* background.png in Resources */ = {isa = PBXBuildFile; fileRef = EF4E1A8D2015BDCF0097862E /* background.png */; };
		EF4E1AA42015BDCF0097862E /* background_1@2x.png in Resources */ = {isa = PBXBuildFile; fileRef = EF4E1A8E2015BDCF0097862E /* background_1@2x.png */; };
		EF4E1AA52015BDCF0097862E /* Banquet_Dress.png in Resources */ = {isa = PBXBuildFile; fileRef = EF4E1A8F2015BDCF0097862E /* Banquet_Dress.png */; };
		EF4E1AA62015BDCF0097862E /* Banquet_Dress_Big.png in Resources */ = {isa = PBXBuildFile; fileRef = EF4E1A902015BDCF0097862E /* Banquet_Dress_Big.png */; };
		EF4E1AA72015BDCF0097862E /* Begin@2x.png in Resources */ = {isa = PBXBuildFile; fileRef = EF4E1A912015BDCF0097862E /* Begin@2x.png */; };
		EF4E1AA82015BDCF0097862E /* Camera@3x.png in Resources */ = {isa = PBXBuildFile; fileRef = EF4E1A922015BDCF0097862E /* Camera@3x.png */; };
		EF4E1AA92015BDCF0097862E /* clear.png in Resources */ = {isa = PBXBuildFile; fileRef = EF4E1A932015BDCF0097862E /* clear.png */; };
		EF4E1AAA2015BDCF0097862E /* Daily_Bra.png in Resources */ = {isa = PBXBuildFile; fileRef = EF4E1A942015BDCF0097862E /* Daily_Bra.png */; };
		EF4E1AAB2015BDCF0097862E /* Daily_Bra_Big.png in Resources */ = {isa = PBXBuildFile; fileRef = EF4E1A952015BDCF0097862E /* Daily_Bra_Big.png */; };
		EF4E1AAC2015BDCF0097862E /* Data_Collection.png in Resources */ = {isa = PBXBuildFile; fileRef = EF4E1A962015BDCF0097862E /* Data_Collection.png */; };
		EF4E1AAD2015BDCF0097862E /* Date_Collection_Big.png in Resources */ = {isa = PBXBuildFile; fileRef = EF4E1A972015BDCF0097862E /* Date_Collection_Big.png */; };
		EF4E1AAE2015BDCF0097862E /* Gym_Suit.png in Resources */ = {isa = PBXBuildFile; fileRef = EF4E1A982015BDCF0097862E /* Gym_Suit.png */; };
		EF4E1AAF2015BDCF0097862E /* Gym_Suit_Big.png in Resources */ = {isa = PBXBuildFile; fileRef = EF4E1A992015BDCF0097862E /* Gym_Suit_Big.png */; };
		EF4E1AB02015BDCF0097862E /* Leisure_Wear.png in Resources */ = {isa = PBXBuildFile; fileRef = EF4E1A9A2015BDCF0097862E /* Leisure_Wear.png */; };
		EF4E1AB12015BDCF0097862E /* Leisure_Wear_Big.png in Resources */ = {isa = PBXBuildFile; fileRef = EF4E1A9B2015BDCF0097862E /* Leisure_Wear_Big.png */; };
		EF4E1AB22015BDCF0097862E /* Photo@3x.png in Resources */ = {isa = PBXBuildFile; fileRef = EF4E1A9C2015BDCF0097862E /* Photo@3x.png */; };
		EF4E1AB32015BDCF0097862E /* web_failure@2x.png in Resources */ = {isa = PBXBuildFile; fileRef = EF4E1A9D2015BDCF0097862E /* web_failure@2x.png */; };
		EF4E1AB42015BDCF0097862E /* web_failure_x.png in Resources */ = {isa = PBXBuildFile; fileRef = EF4E1A9E2015BDCF0097862E /* web_failure_x.png */; };
		EF61BBEA2011EC7800A8F3BF /* AppDelegate.m in Sources */ = {isa = PBXBuildFile; fileRef = EF61BBE92011EC7800A8F3BF /* AppDelegate.m */; };
		EF61BBED2011EC7800A8F3BF /* ViewController.m in Sources */ = {isa = PBXBuildFile; fileRef = EF61BBEC2011EC7800A8F3BF /* ViewController.m */; };
		EF61BBF02011EC7800A8F3BF /* Main.storyboard in Resources */ = {isa = PBXBuildFile; fileRef = EF61BBEE2011EC7800A8F3BF /* Main.storyboard */; };
		EF61BBF22011EC7800A8F3BF /* Assets.xcassets in Resources */ = {isa = PBXBuildFile; fileRef = EF61BBF12011EC7800A8F3BF /* Assets.xcassets */; };
		EF61BBF52011EC7800A8F3BF /* LaunchScreen.storyboard in Resources */ = {isa = PBXBuildFile; fileRef = EF61BBF32011EC7800A8F3BF /* LaunchScreen.storyboard */; };
		EF61BBF82011EC7800A8F3BF /* main.m in Sources */ = {isa = PBXBuildFile; fileRef = EF61BBF72011EC7800A8F3BF /* main.m */; };
/* End PBXBuildFile section */

/* Begin PBXFileReference section */
		EF4E1A852015BDCF0097862E /* Constant.h */ = {isa = PBXFileReference; fileEncoding = 4; lastKnownFileType = sourcecode.c.h; path = Constant.h; sourceTree = "<group>"; };
		EF4E1A862015BDCF0097862E /* menuCell.h */ = {isa = PBXFileReference; fileEncoding = 4; lastKnownFileType = sourcecode.c.h; path = menuCell.h; sourceTree = "<group>"; };
		EF4E1A872015BDCF0097862E /* menuCell.m */ = {isa = PBXFileReference; fileEncoding = 4; lastKnownFileType = sourcecode.c.objc; path = menuCell.m; sourceTree = "<group>"; };
		EF4E1A882015BDCF0097862E /* SideBarViewController.h */ = {isa = PBXFileReference; fileEncoding = 4; lastKnownFileType = sourcecode.c.h; path = SideBarViewController.h; sourceTree = "<group>"; };
		EF4E1A892015BDCF0097862E /* SideBarViewController.m */ = {isa = PBXFileReference; fileEncoding = 4; lastKnownFileType = sourcecode.c.objc; path = SideBarViewController.m; sourceTree = "<group>"; };
		EF4E1A8B2015BDCF0097862E /* ALL_Lingeries.png */ = {isa = PBXFileReference; lastKnownFileType = image.png; path = ALL_Lingeries.png; sourceTree = "<group>"; };
		EF4E1A8C2015BDCF0097862E /* ALL_Lingeries_Big.png */ = {isa = PBXFileReference; lastKnownFileType = image.png; path = ALL_Lingeries_Big.png; sourceTree = "<group>"; };
		EF4E1A8D2015BDCF0097862E /* background.png */ = {isa = PBXFileReference; lastKnownFileType = image.png; path = background.png; sourceTree = "<group>"; };
		EF4E1A8E2015BDCF0097862E /* background_1@2x.png */ = {isa = PBXFileReference; lastKnownFileType = image.png; path = "background_1@2x.png"; sourceTree = "<group>"; };
		EF4E1A8F2015BDCF0097862E /* Banquet_Dress.png */ = {isa = PBXFileReference; lastKnownFileType = image.png; path = Banquet_Dress.png; sourceTree = "<group>"; };
		EF4E1A902015BDCF0097862E /* Banquet_Dress_Big.png */ = {isa = PBXFileReference; lastKnownFileType = image.png; path = Banquet_Dress_Big.png; sourceTree = "<group>"; };
		EF4E1A912015BDCF0097862E /* Begin@2x.png */ = {isa = PBXFileReference; lastKnownFileType = image.png; path = "Begin@2x.png"; sourceTree = "<group>"; };
		EF4E1A922015BDCF0097862E /* Camera@3x.png */ = {isa = PBXFileReference; lastKnownFileType = image.png; path = "Camera@3x.png"; sourceTree = "<group>"; };
		EF4E1A932015BDCF0097862E /* clear.png */ = {isa = PBXFileReference; lastKnownFileType = image.png; path = clear.png; sourceTree = "<group>"; };
		EF4E1A942015BDCF0097862E /* Daily_Bra.png */ = {isa = PBXFileReference; lastKnownFileType = image.png; path = Daily_Bra.png; sourceTree = "<group>"; };
		EF4E1A952015BDCF0097862E /* Daily_Bra_Big.png */ = {isa = PBXFileReference; lastKnownFileType = image.png; path = Daily_Bra_Big.png; sourceTree = "<group>"; };
		EF4E1A962015BDCF0097862E /* Data_Collection.png */ = {isa = PBXFileReference; lastKnownFileType = image.png; path = Data_Collection.png; sourceTree = "<group>"; };
		EF4E1A972015BDCF0097862E /* Date_Collection_Big.png */ = {isa = PBXFileReference; lastKnownFileType = image.png; path = Date_Collection_Big.png; sourceTree = "<group>"; };
		EF4E1A982015BDCF0097862E /* Gym_Suit.png */ = {isa = PBXFileReference; lastKnownFileType = image.png; path = Gym_Suit.png; sourceTree = "<group>"; };
		EF4E1A992015BDCF0097862E /* Gym_Suit_Big.png */ = {isa = PBXFileReference; lastKnownFileType = image.png; path = Gym_Suit_Big.png; sourceTree = "<group>"; };
		EF4E1A9A2015BDCF0097862E /* Leisure_Wear.png */ = {isa = PBXFileReference; lastKnownFileType = image.png; path = Leisure_Wear.png; sourceTree = "<group>"; };
		EF4E1A9B2015BDCF0097862E /* Leisure_Wear_Big.png */ = {isa = PBXFileReference; lastKnownFileType = image.png; path = Leisure_Wear_Big.png; sourceTree = "<group>"; };
		EF4E1A9C2015BDCF0097862E /* Photo@3x.png */ = {isa = PBXFileReference; lastKnownFileType = image.png; path = "Photo@3x.png"; sourceTree = "<group>"; };
		EF4E1A9D2015BDCF0097862E /* web_failure@2x.png */ = {isa = PBXFileReference; lastKnownFileType = image.png; path = "web_failure@2x.png"; sourceTree = "<group>"; };
		EF4E1A9E2015BDCF0097862E /* web_failure_x.png */ = {isa = PBXFileReference; lastKnownFileType = image.png; path = web_failure_x.png; sourceTree = "<group>"; };
		EF61BBE52011EC7800A8F3BF /* sideBarDemo.app */ = {isa = PBXFileReference; explicitFileType = wrapper.application; includeInIndex = 0; path = sideBarDemo.app; sourceTree = BUILT_PRODUCTS_DIR; };
		EF61BBE82011EC7800A8F3BF /* AppDelegate.h */ = {isa = PBXFileReference; lastKnownFileType = sourcecode.c.h; path = AppDelegate.h; sourceTree = "<group>"; };
		EF61BBE92011EC7800A8F3BF /* AppDelegate.m */ = {isa = PBXFileReference; lastKnownFileType = sourcecode.c.objc; path = AppDelegate.m; sourceTree = "<group>"; };
		EF61BBEB2011EC7800A8F3BF /* ViewController.h */ = {isa = PBXFileReference; lastKnownFileType = sourcecode.c.h; path = ViewController.h; sourceTree = "<group>"; };
		EF61BBEC2011EC7800A8F3BF /* ViewController.m */ = {isa = PBXFileReference; lastKnownFileType = sourcecode.c.objc; path = ViewController.m; sourceTree = "<group>"; };
		EF61BBEF2011EC7800A8F3BF /* Base */ = {isa = PBXFileReference; lastKnownFileType = file.storyboard; name = Base; path = Base.lproj/Main.storyboard; sourceTree = "<group>"; };
		EF61BBF12011EC7800A8F3BF /* Assets.xcassets */ = {isa = PBXFileReference; lastKnownFileType = folder.assetcatalog; path = Assets.xcassets; sourceTree = "<group>"; };
		EF61BBF42011EC7800A8F3BF /* Base */ = {isa = PBXFileReference; lastKnownFileType = file.storyboard; name = Base; path = Base.lproj/LaunchScreen.storyboard; sourceTree = "<group>"; };
		EF61BBF62011EC7800A8F3BF /* Info.plist */ = {isa = PBXFileReference; lastKnownFileType = text.plist.xml; path = Info.plist; sourceTree = "<group>"; };
		EF61BBF72011EC7800A8F3BF /* main.m */ = {isa = PBXFileReference; lastKnownFileType = sourcecode.c.objc; path = main.m; sourceTree = "<group>"; };
/* End PBXFileReference section */

/* Begin PBXFrameworksBuildPhase section */
		EF61BBE22011EC7800A8F3BF /* Frameworks */ = {
			isa = PBXFrameworksBuildPhase;
			buildActionMask = 2147483647;
			files = (
			);
			runOnlyForDeploymentPostprocessing = 0;
		};
/* End PBXFrameworksBuildPhase section */

/* Begin PBXGroup section */
		EF4E1A842015BDCF0097862E /* sideBar */ = {
			isa = PBXGroup;
			children = (
				EF4E1A852015BDCF0097862E /* Constant.h */,
				EF4E1A862015BDCF0097862E /* menuCell.h */,
				EF4E1A872015BDCF0097862E /* menuCell.m */,
				EF4E1A882015BDCF0097862E /* SideBarViewController.h */,
				EF4E1A892015BDCF0097862E /* SideBarViewController.m */,
				EF4E1A8A2015BDCF0097862E /* Source */,
			);
			path = sideBar;
			sourceTree = SOURCE_ROOT;
		};
		EF4E1A8A2015BDCF0097862E /* Source */ = {
			isa = PBXGroup;
			children = (
				EF4E1A8B2015BDCF0097862E /* ALL_Lingeries.png */,
				EF4E1A8C2015BDCF0097862E /* ALL_Lingeries_Big.png */,
				EF4E1A8D2015BDCF0097862E /* background.png */,
				EF4E1A8E2015BDCF0097862E /* background_1@2x.png */,
				EF4E1A8F2015BDCF0097862E /* Banquet_Dress.png */,
				EF4E1A902015BDCF0097862E /* Banquet_Dress_Big.png */,
				EF4E1A912015BDCF0097862E /* Begin@2x.png */,
				EF4E1A922015BDCF0097862E /* Camera@3x.png */,
				EF4E1A932015BDCF0097862E /* clear.png */,
				EF4E1A942015BDCF0097862E /* Daily_Bra.png */,
				EF4E1A952015BDCF0097862E /* Daily_Bra_Big.png */,
				EF4E1A962015BDCF0097862E /* Data_Collection.png */,
				EF4E1A972015BDCF0097862E /* Date_Collection_Big.png */,
				EF4E1A982015BDCF0097862E /* Gym_Suit.png */,
				EF4E1A992015BDCF0097862E /* Gym_Suit_Big.png */,
				EF4E1A9A2015BDCF0097862E /* Leisure_Wear.png */,
				EF4E1A9B2015BDCF0097862E /* Leisure_Wear_Big.png */,
				EF4E1A9C2015BDCF0097862E /* Photo@3x.png */,
				EF4E1A9D2015BDCF0097862E /* web_failure@2x.png */,
				EF4E1A9E2015BDCF0097862E /* web_failure_x.png */,
			);
			path = Source;
			sourceTree = "<group>";
		};
		EF61BBDC2011EC7800A8F3BF = {
			isa = PBXGroup;
			children = (
				EF61BBE72011EC7800A8F3BF /* sideBarDemo */,
				EF61BBE62011EC7800A8F3BF /* Products */,
			);
			sourceTree = "<group>";
		};
		EF61BBE62011EC7800A8F3BF /* Products */ = {
			isa = PBXGroup;
			children = (
				EF61BBE52011EC7800A8F3BF /* sideBarDemo.app */,
			);
			name = Products;
			sourceTree = "<group>";
		};
		EF61BBE72011EC7800A8F3BF /* sideBarDemo */ = {
			isa = PBXGroup;
			children = (
				EF4E1A842015BDCF0097862E /* sideBar */,
				EF61BBE82011EC7800A8F3BF /* AppDelegate.h */,
				EF61BBE92011EC7800A8F3BF /* AppDelegate.m */,
				EF61BBEB2011EC7800A8F3BF /* ViewController.h */,
				EF61BBEC2011EC7800A8F3BF /* ViewController.m */,
				EF61BBEE2011EC7800A8F3BF /* Main.storyboard */,
				EF61BBF12011EC7800A8F3BF /* Assets.xcassets */,
				EF61BBF32011EC7800A8F3BF /* LaunchScreen.storyboard */,
				EF61BBF62011EC7800A8F3BF /* Info.plist */,
				EF61BBF72011EC7800A8F3BF /* main.m */,
			);
			path = sideBarDemo;
			sourceTree = "<group>";
		};
/* End PBXGroup section */

/* Begin PBXNativeTarget section */
		EF61BBE42011EC7800A8F3BF /* sideBarDemo */ = {
			isa = PBXNativeTarget;
			buildConfigurationList = EF61BBFB2011EC7800A8F3BF /* Build configuration list for PBXNativeTarget "sideBarDemo" */;
			buildPhases = (
				EF61BBE12011EC7800A8F3BF /* Sources */,
				EF61BBE22011EC7800A8F3BF /* Frameworks */,
				EF61BBE32011EC7800A8F3BF /* Resources */,
			);
			buildRules = (
			);
			dependencies = (
			);
			name = sideBarDemo;
			productName = sideBar;
			productReference = EF61BBE52011EC7800A8F3BF /* sideBarDemo.app */;
			productType = "com.apple.product-type.application";
		};
/* End PBXNativeTarget section */

/* Begin PBXProject section */
		EF61BBDD2011EC7800A8F3BF /* Project object */ = {
			isa = PBXProject;
			attributes = {
				LastUpgradeCheck = 0920;
				ORGANIZATIONNAME = sense;
				TargetAttributes = {
					EF61BBE42011EC7800A8F3BF = {
						CreatedOnToolsVersion = 9.2;
						ProvisioningStyle = Manual;
					};
				};
			};
			buildConfigurationList = EF61BBE02011EC7800A8F3BF /* Build configuration list for PBXProject "sideBarDemo" */;
			compatibilityVersion = "Xcode 8.0";
			developmentRegion = en;
			hasScannedForEncodings = 0;
			knownRegions = (
				en,
				Base,
			);
			mainGroup = EF61BBDC2011EC7800A8F3BF;
			productRefGroup = EF61BBE62011EC7800A8F3BF /* Products */;
			projectDirPath = "";
			projectRoot = "";
			targets = (
				EF61BBE42011EC7800A8F3BF /* sideBarDemo */,
			);
		};
/* End PBXProject section */

/* Begin PBXResourcesBuildPhase section */
		EF61BBE32011EC7800A8F3BF /* Resources */ = {
			isa = PBXResourcesBuildPhase;
			buildActionMask = 2147483647;
			files = (
				EF4E1AA82015BDCF0097862E /* Camera@3x.png in Resources */,
				EF4E1AA72015BDCF0097862E /* Begin@2x.png in Resources */,
				EF61BBF52011EC7800A8F3BF /* LaunchScreen.storyboard in Resources */,
				EF4E1AAF2015BDCF0097862E /* Gym_Suit_Big.png in Resources */,
				EF4E1AAC2015BDCF0097862E /* Data_Collection.png in Resources */,
				EF4E1AAE2015BDCF0097862E /* Gym_Suit.png in Resources */,
				EF4E1AAD2015BDCF0097862E /* Date_Collection_Big.png in Resources */,
				EF4E1AB02015BDCF0097862E /* Leisure_Wear.png in Resources */,
				EF4E1AA92015BDCF0097862E /* clear.png in Resources */,
				EF4E1AAA2015BDCF0097862E /* Daily_Bra.png in Resources */,
				EF4E1AA42015BDCF0097862E /* background_1@2x.png in Resources */,
				EF4E1AA32015BDCF0097862E /* background.png in Resources */,
				EF4E1AB32015BDCF0097862E /* web_failure@2x.png in Resources */,
				EF61BBF22011EC7800A8F3BF /* Assets.xcassets in Resources */,
				EF4E1AB22015BDCF0097862E /* Photo@3x.png in Resources */,
				EF4E1AA52015BDCF0097862E /* Banquet_Dress.png in Resources */,
				EF4E1AA12015BDCF0097862E /* ALL_Lingeries.png in Resources */,
				EF4E1AAB2015BDCF0097862E /* Daily_Bra_Big.png in Resources */,
				EF4E1AA22015BDCF0097862E /* ALL_Lingeries_Big.png in Resources */,
				EF4E1AB42015BDCF0097862E /* web_failure_x.png in Resources */,
				EF4E1AA62015BDCF0097862E /* Banquet_Dress_Big.png in Resources */,
				EF61BBF02011EC7800A8F3BF /* Main.storyboard in Resources */,
				EF4E1AB12015BDCF0097862E /* Leisure_Wear_Big.png in Resources */,
			);
			runOnlyForDeploymentPostprocessing = 0;
		};
/* End PBXResourcesBuildPhase section */

/* Begin PBXSourcesBuildPhase section */
		EF61BBE12011EC7800A8F3BF /* Sources */ = {
			isa = PBXSourcesBuildPhase;
			buildActionMask = 2147483647;
			files = (
				EF61BBED2011EC7800A8F3BF /* ViewController.m in Sources */,
				EF61BBF82011EC7800A8F3BF /* main.m in Sources */,
				EF4E1A9F2015BDCF0097862E /* menuCell.m in Sources */,
				EF4E1AA02015BDCF0097862E /* SideBarViewController.m in Sources */,
				EF61BBEA2011EC7800A8F3BF /* AppDelegate.m in Sources */,
			);
			runOnlyForDeploymentPostprocessing = 0;
		};
/* End PBXSourcesBuildPhase section */

/* Begin PBXVariantGroup section */
		EF61BBEE2011EC7800A8F3BF /* Main.storyboard */ = {
			isa = PBXVariantGroup;
			children = (
				EF61BBEF2011EC7800A8F3BF /* Base */,
			);
			name = Main.storyboard;
			sourceTree = "<group>";
		};
		EF61BBF32011EC7800A8F3BF /* LaunchScreen.storyboard */ = {
			isa = PBXVariantGroup;
			children = (
				EF61BBF42011EC7800A8F3BF /* Base */,
			);
			name = LaunchScreen.storyboard;
			sourceTree = "<group>";
		};
/* End PBXVariantGroup section */

/* Begin XCBuildConfiguration section */
		EF61BBF92011EC7800A8F3BF /* Debug */ = {
			isa = XCBuildConfiguration;
			buildSettings = {
				ALWAYS_SEARCH_USER_PATHS = NO;
				CLANG_ANALYZER_NONNULL = YES;
				CLANG_ANALYZER_NUMBER_OBJECT_CONVERSION = YES_AGGRESSIVE;
				CLANG_CXX_LANGUAGE_STANDARD = "gnu++14";
				CLANG_CXX_LIBRARY = "libc++";
				CLANG_ENABLE_MODULES = YES;
				CLANG_ENABLE_OBJC_ARC = YES;
				CLANG_WARN_BLOCK_CAPTURE_AUTORELEASING = YES;
				CLANG_WARN_BOOL_CONVERSION = YES;
				CLANG_WARN_COMMA = YES;
				CLANG_WARN_CONSTANT_CONVERSION = YES;
				CLANG_WARN_DIRECT_OBJC_ISA_USAGE = YES_ERROR;
				CLANG_WARN_DOCUMENTATION_COMMENTS = YES;
				CLANG_WARN_EMPTY_BODY = YES;
				CLANG_WARN_ENUM_CONVERSION = YES;
				CLANG_WARN_INFINITE_RECURSION = YES;
				CLANG_WARN_INT_CONVERSION = YES;
				CLANG_WARN_NON_LITERAL_NULL_CONVERSION = YES;
				CLANG_WARN_OBJC_LITERAL_CONVERSION = YES;
				CLANG_WARN_OBJC_ROOT_CLASS = YES_ERROR;
				CLANG_WARN_RANGE_LOOP_ANALYSIS = YES;
				CLANG_WARN_STRICT_PROTOTYPES = YES;
				CLANG_WARN_SUSPICIOUS_MOVE = YES;
				CLANG_WARN_UNGUARDED_AVAILABILITY = YES_AGGRESSIVE;
				CLANG_WARN_UNREACHABLE_CODE = YES;
				CLANG_WARN__DUPLICATE_METHOD_MATCH = YES;
				CODE_SIGN_IDENTITY = "iPhone Developer";
				COPY_PHASE_STRIP = NO;
				DEBUG_INFORMATION_FORMAT = dwarf;
				ENABLE_STRICT_OBJC_MSGSEND = YES;
				ENABLE_TESTABILITY = YES;
				GCC_C_LANGUAGE_STANDARD = gnu11;
				GCC_DYNAMIC_NO_PIC = NO;
				GCC_NO_COMMON_BLOCKS = YES;
				GCC_OPTIMIZATION_LEVEL = 0;
				GCC_PREPROCESSOR_DEFINITIONS = (
					"DEBUG=1",
					"$(inherited)",
				);
				GCC_WARN_64_TO_32_BIT_CONVERSION = YES;
				GCC_WARN_ABOUT_RETURN_TYPE = YES_ERROR;
				GCC_WARN_UNDECLARED_SELECTOR = YES;
				GCC_WARN_UNINITIALIZED_AUTOS = YES_AGGRESSIVE;
				GCC_WARN_UNUSED_FUNCTION = YES;
				GCC_WARN_UNUSED_VARIABLE = YES;
				IPHONEOS_DEPLOYMENT_TARGET = 11.2;
				MTL_ENABLE_DEBUG_INFO = YES;
				ONLY_ACTIVE_ARCH = YES;
				SDKROOT = iphoneos;
			};
			name = Debug;
		};
		EF61BBFA2011EC7800A8F3BF /* Release */ = {
			isa = XCBuildConfiguration;
			buildSettings = {
				ALWAYS_SEARCH_USER_PATHS = NO;
				CLANG_ANALYZER_NONNULL = YES;
				CLANG_ANALYZER_NUMBER_OBJECT_CONVERSION = YES_AGGRESSIVE;
				CLANG_CXX_LANGUAGE_STANDARD = "gnu++14";
				CLANG_CXX_LIBRARY = "libc++";
				CLANG_ENABLE_MODULES = YES;
				CLANG_ENABLE_OBJC_ARC = YES;
				CLANG_WARN_BLOCK_CAPTURE_AUTORELEASING = YES;
				CLANG_WARN_BOOL_CONVERSION = YES;
				CLANG_WARN_COMMA = YES;
				CLANG_WARN_CONSTANT_CONVERSION = YES;
				CLANG_WARN_DIRECT_OBJC_ISA_USAGE = YES_ERROR;
				CLANG_WARN_DOCUMENTATION_COMMENTS = YES;
				CLANG_WARN_EMPTY_BODY = YES;
				CLANG_WARN_ENUM_CONVERSION = YES;
				CLANG_WARN_INFINITE_RECURSION = YES;
				CLANG_WARN_INT_CONVERSION = YES;
				CLANG_WARN_NON_LITERAL_NULL_CONVERSION = YES;
				CLANG_WARN_OBJC_LITERAL_CONVERSION = YES;
				CLANG_WARN_OBJC_ROOT_CLASS = YES_ERROR;
				CLANG_WARN_RANGE_LOOP_ANALYSIS = YES;
				CLANG_WARN_STRICT_PROTOTYPES = YES;
				CLANG_WARN_SUSPICIOUS_MOVE = YES;
				CLANG_WARN_UNGUARDED_AVAILABILITY = YES_AGGRESSIVE;
				CLANG_WARN_UNREACHABLE_CODE = YES;
				CLANG_WARN__DUPLICATE_METHOD_MATCH = YES;
				CODE_SIGN_IDENTITY = "iPhone Developer";
				COPY_PHASE_STRIP = NO;
				DEBUG_INFORMATION_FORMAT = "dwarf-with-dsym";
				ENABLE_NS_ASSERTIONS = NO;
				ENABLE_STRICT_OBJC_MSGSEND = YES;
				GCC_C_LANGUAGE_STANDARD = gnu11;
				GCC_NO_COMMON_BLOCKS = YES;
				GCC_WARN_64_TO_32_BIT_CONVERSION = YES;
				GCC_WARN_ABOUT_RETURN_TYPE = YES_ERROR;
				GCC_WARN_UNDECLARED_SELECTOR = YES;
				GCC_WARN_UNINITIALIZED_AUTOS = YES_AGGRESSIVE;
				GCC_WARN_UNUSED_FUNCTION = YES;
				GCC_WARN_UNUSED_VARIABLE = YES;
				IPHONEOS_DEPLOYMENT_TARGET = 11.2;
				MTL_ENABLE_DEBUG_INFO = NO;
				SDKROOT = iphoneos;
				VALIDATE_PRODUCT = YES;
			};
			name = Release;
		};
		EF61BBFC2011EC7800A8F3BF /* Debug */ = {
			isa = XCBuildConfiguration;
			buildSettings = {
				ASSETCATALOG_COMPILER_APPICON_NAME = AppIcon;
				CODE_SIGN_STYLE = Manual;
				DEVELOPMENT_TEAM = "";
				INFOPLIST_FILE = "$(SRCROOT)/sideBarDemo/Info.plist";
				LD_RUNPATH_SEARCH_PATHS = "$(inherited) @executable_path/Frameworks";
				PRODUCT_BUNDLE_IDENTIFIER = sense.sideBarDemo;
				PRODUCT_NAME = "$(TARGET_NAME)";
				PROVISIONING_PROFILE_SPECIFIER = "";
				TARGETED_DEVICE_FAMILY = "1,2";
			};
			name = Debug;
		};
		EF61BBFD2011EC7800A8F3BF /* Release */ = {
			isa = XCBuildConfiguration;
			buildSettings = {
				ASSETCATALOG_COMPILER_APPICON_NAME = AppIcon;
				CODE_SIGN_STYLE = Manual;
				DEVELOPMENT_TEAM = "";
				INFOPLIST_FILE = "$(SRCROOT)/sideBarDemo/Info.plist";
				LD_RUNPATH_SEARCH_PATHS = "$(inherited) @executable_path/Frameworks";
				PRODUCT_BUNDLE_IDENTIFIER = sense.sideBarDemo;
				PRODUCT_NAME = "$(TARGET_NAME)";
				PROVISIONING_PROFILE_SPECIFIER = "";
				TARGETED_DEVICE_FAMILY = "1,2";
			};
			name = Release;
		};
/* End XCBuildConfiguration section */

/* Begin XCConfigurationList section */
		EF61BBE02011EC7800A8F3BF /* Build configuration list for PBXProject "sideBarDemo" */ = {
			isa = XCConfigurationList;
			buildConfigurations = (
				EF61BBF92011EC7800A8F3BF /* Debug */,
				EF61BBFA2011EC7800A8F3BF /* Release */,
			);
			defaultConfigurationIsVisible = 0;
			defaultConfigurationName = Release;
		};
		EF61BBFB2011EC7800A8F3BF /* Build configuration list for PBXNativeTarget "sideBarDemo" */ = {
			isa = XCConfigurationList;
			buildConfigurations = (
				EF61BBFC2011EC7800A8F3BF /* Debug */,
				EF61BBFD2011EC7800A8F3BF /* Release */,
			);
			defaultConfigurationIsVisible = 0;
			defaultConfigurationName = Release;
		};
/* End XCConfigurationList section */
	};
	rootObject = EF61BBDD2011EC7800A8F3BF /* Project object */;
}
